github.com/ajg/form v1.5.1 h1:t9c7v8JUKu/XxOGBU0yjNpaMloxGEJhUkqFRq0ibGeU=
github.com/ajg/form v1.5.1/go.mod h1:uL1WgH+h2mgNtvBq0339dVnzXdBETtL2LeUXaIv25UY=
github.com/go-chi/chi v1.5.4 h1:QHdzF2szwjqVV4wmByUnTcsbIg7UGaQ0tPF2t5GcAIs=
github.com/go-chi/chi v1.5.4/go.mod h1:uaf8YgoFazUOkPBG7fxPftUylNumIev9awIWOENIuEg=
github.com/go-chi/render v1.0.2 h1:4ER/udB0+fMWB2Jlf15RV3F4A2FDuYi/9f+lFttR/Lg=
github.com/go-chi/render v1.0.2/go.mod h1:/gr3hVkmYR0YlEy3LxCuVRFzEu9Ruok+gFqbIofjao0=
github.com/go-sql-driver/mysql v1.6.0 h1:BCTh4TKNUYmOmMUcQ3IipzF5prigylS7XXjEkfCHuOE=
github.com/go-sql-driver/mysql v1.6.0/go.mod h1:DCzpHaOWr8IXmIStZouvnhqoel9Qv2LBy8hT2VhHyBg=
github.com/joho/godotenv v1.4.0 h1:3l4+N6zfMWnkbPEXKng2o2/MR5mSwTrBih4ZEkkz1lg=
github.com/joho/godotenv v1.4.0/go.mod h1:f4LDr5Voq0i2e/R5DDNOoa2zzDfwtkZa6DnEwAbqwq4=
golang.org/x/xerrors v0.0.0-20220907171357-04be3eba64a2 h1:H2TDz8ibqkAF6YGhCdN3jS9O0/s90v0rJh3X/OLHEUk=
golang.org/x/xerrors v0.0.0-20220907171357-04be3eba64a2/go.mod h1:K8+ghG5WaK9qNqU5K3HdILfMLy1f3aNYFI/wnl100a8=
